{
  "name": "JI-Gift",
  "version": "0.0.1",
  "lockfileVersion": 1,
  "requires": true,
  "dependencies": {
    "bootstrap": {
      "version": "4.0.0-beta",
      "resolved": "http://registry.npm.taobao.org/bootstrap/download/bootstrap-4.0.0-beta.tgz",
      "integrity": "sha1-3FkoF10ucTELxmjPngWpByEbcqY="
    },
    "jquery": {
      "version": "3.2.1",
      "resolved": "http://registry.npm.taobao.org/jquery/download/jquery-3.2.1.tgz",
      "integrity": "sha1-XE2d5lKvbNCncBVKYxu6ErAVx4c="
    },
    "popper.js": {
      "version": "1.12.5",
      "resolved": "http://registry.npm.taobao.org/popper.js/download/popper.js-1.12.5.tgz",
      "integrity": "sha1-Ip5N6gFinh8aHiaZH/reUCQiD6Y="
    }
  }
}
